
Microsoft Visual Studio Solution File, Format Version 12.00
# Visual Studio Version 17
VisualStudioVersion = 17.13.35825.156 d17.13
MinimumVisualStudioVersion = 10.0.40219.1
Project("{FAE04EC0-301F-11D3-BF4B-00C04F79EFBC}") = "RealEstatePriceForecast", "RealEstatePriceForecast\RealEstatePriceForecast.csproj", "{7431B75D-60CA-4E3A-AE92-54496B796C7A}"
EndProject
Global
	GlobalSection(SolutionConfigurationPlatforms) = preSolution
		Debug|Any CPU = Debug|Any CPU
		Release|Any CPU = Release|Any CPU
	EndGlobalSection
	GlobalSection(ProjectConfigurationPlatforms) = postSolution
		{7431B75D-60CA-4E3A-AE92-54496B796C7A}.Debug|Any CPU.ActiveCfg = Debug|Any CPU
		{7431B75D-60CA-4E3A-AE92-54496B796C7A}.Debug|Any CPU.Build.0 = Debug|Any CPU
		{7431B75D-60CA-4E3A-AE92-54496B796C7A}.Release|Any CPU.ActiveCfg = Release|Any CPU
		{7431B75D-60CA-4E3A-AE92-54496B796C7A}.Release|Any CPU.Build.0 = Release|Any CPU
	EndGlobalSection
	GlobalSection(SolutionProperties) = preSolution
		HideSolutionNode = FALSE
	EndGlobalSection
	GlobalSection(ExtensibilityGlobals) = postSolution
		SolutionGuid = {B84C2EE0-25A3-41DA-A58F-02CF68524072}
	EndGlobalSection
EndGlobal
